
Microsoft Visual Studio Solution File, Format Version 12.00
# Visual Studio Version 17
VisualStudioVersion = 17.5.002.0
MinimumVisualStudioVersion = 10.0.40219.1
Project("{9A19103F-16F7-4668-BE54-9A1E7A4F7556}") = "THREADING", "THREADING.csproj", "{ABFE3950-09E0-43A3-B177-FD31383E4F8D}"
EndProject
Global
	GlobalSection(SolutionConfigurationPlatforms) = preSolution
		Debug|Any CPU = Debug|Any CPU
		Release|Any CPU = Release|Any CPU
	EndGlobalSection
	GlobalSection(ProjectConfigurationPlatforms) = postSolution
		{ABFE3950-09E0-43A3-B177-FD31383E4F8D}.Debug|Any CPU.ActiveCfg = Debug|Any CPU
		{ABFE3950-09E0-43A3-B177-FD31383E4F8D}.Debug|Any CPU.Build.0 = Debug|Any CPU
		{ABFE3950-09E0-43A3-B177-FD31383E4F8D}.Release|Any CPU.ActiveCfg = Release|Any CPU
		{ABFE3950-09E0-43A3-B177-FD31383E4F8D}.Release|Any CPU.Build.0 = Release|Any CPU
	EndGlobalSection
	GlobalSection(SolutionProperties) = preSolution
		HideSolutionNode = FALSE
	EndGlobalSection
	GlobalSection(ExtensibilityGlobals) = postSolution
		SolutionGuid = {4CC2BFF9-4A34-4FF5-A3F9-A664CBE26CEF}
	EndGlobalSection
EndGlobal
